// !$*UTF8*$!
{
	archiveVersion = 1;
	classes = {
	};
	objectVersion = 56;
	objects = {

/* Begin PBXBuildFile section */
		312C36EB2A484080008AA732 /* Application.swift in Sources */ = {isa = PBXBuildFile; fileRef = 312C36EA2A484080008AA732 /* Application.swift */; };
		3140DEA32A484FD9000046CD /* SearchViewController.swift in Sources */ = {isa = PBXBuildFile; fileRef = 3140DEA12A484FD9000046CD /* SearchViewController.swift */; };
		3140DEA42A484FD9000046CD /* SearchViewController.xib in Resources */ = {isa = PBXBuildFile; fileRef = 3140DEA22A484FD9000046CD /* SearchViewController.xib */; };
		3140DEA82A485000000046CD /* SettingViewController.swift in Sources */ = {isa = PBXBuildFile; fileRef = 3140DEA62A485000000046CD /* SettingViewController.swift */; };
		3140DEA92A485000000046CD /* SettingViewController.xib in Resources */ = {isa = PBXBuildFile; fileRef = 3140DEA72A485000000046CD /* SettingViewController.xib */; };
		3140DEAB2A485321000046CD /* GoogleService-Info.plist in Resources */ = {isa = PBXBuildFile; fileRef = 3140DEAA2A485321000046CD /* GoogleService-Info.plist */; };
		31E9443C2A4445950024AC2C /* AppDelegate.swift in Sources */ = {isa = PBXBuildFile; fileRef = 31E9443B2A4445950024AC2C /* AppDelegate.swift */; };
		31E9443E2A4445950024AC2C /* SceneDelegate.swift in Sources */ = {isa = PBXBuildFile; fileRef = 31E9443D2A4445950024AC2C /* SceneDelegate.swift */; };
		31E944452A4445960024AC2C /* Assets.xcassets in Resources */ = {isa = PBXBuildFile; fileRef = 31E944442A4445960024AC2C /* Assets.xcassets */; };
		31E944482A4445960024AC2C /* LaunchScreen.storyboard in Resources */ = {isa = PBXBuildFile; fileRef = 31E944462A4445960024AC2C /* LaunchScreen.storyboard */; };
		31E944532A4445960024AC2C /* ios_chadopedia_appTests.swift in Sources */ = {isa = PBXBuildFile; fileRef = 31E944522A4445960024AC2C /* ios_chadopedia_appTests.swift */; };
		31E9445D2A4445960024AC2C /* ios_chadopedia_appUITests.swift in Sources */ = {isa = PBXBuildFile; fileRef = 31E9445C2A4445960024AC2C /* ios_chadopedia_appUITests.swift */; };
		31E9445F2A4445960024AC2C /* ios_chadopedia_appUITestsLaunchTests.swift in Sources */ = {isa = PBXBuildFile; fileRef = 31E9445E2A4445960024AC2C /* ios_chadopedia_appUITestsLaunchTests.swift */; };
		31E944722A46D09C0024AC2C /* HomeViewController.swift in Sources */ = {isa = PBXBuildFile; fileRef = 31E944702A46D09C0024AC2C /* HomeViewController.swift */; };
		31E944732A46D09C0024AC2C /* HomeViewController.xib in Resources */ = {isa = PBXBuildFile; fileRef = 31E944712A46D09C0024AC2C /* HomeViewController.xib */; };
		31E944762A4729100024AC2C /* Utils.swift in Sources */ = {isa = PBXBuildFile; fileRef = 31E944752A4729100024AC2C /* Utils.swift */; };
		5DF9DB12CAF4A4B410E5A39C /* Pods_ios_chadopedia_app.framework in Frameworks */ = {isa = PBXBuildFile; fileRef = 7649969DF15E7EBC4D2D3429 /* Pods_ios_chadopedia_app.framework */; };
/* End PBXBuildFile section */

/* Begin PBXContainerItemProxy section */
		31E9444F2A4445960024AC2C /* PBXContainerItemProxy */ = {
			isa = PBXContainerItemProxy;
			containerPortal = 31E944302A4445950024AC2C /* Project object */;
			proxyType = 1;
			remoteGlobalIDString = 31E944372A4445950024AC2C;
			remoteInfo = ios_chadopedia_app;
		};
		31E944592A4445960024AC2C /* PBXContainerItemProxy */ = {
			isa = PBXContainerItemProxy;
			containerPortal = 31E944302A4445950024AC2C /* Project object */;
			proxyType = 1;
			remoteGlobalIDString = 31E944372A4445950024AC2C;
			remoteInfo = ios_chadopedia_app;
		};
/* End PBXContainerItemProxy section */

/* Begin PBXFileReference section */
		312C36EA2A484080008AA732 /* Application.swift */ = {isa = PBXFileReference; lastKnownFileType = sourcecode.swift; path = Application.swift; sourceTree = "<group>"; };
		3140DEA12A484FD9000046CD /* SearchViewController.swift */ = {isa = PBXFileReference; lastKnownFileType = sourcecode.swift; path = SearchViewController.swift; sourceTree = "<group>"; };
		3140DEA22A484FD9000046CD /* SearchViewController.xib */ = {isa = PBXFileReference; lastKnownFileType = file.xib; path = SearchViewController.xib; sourceTree = "<group>"; };
		3140DEA62A485000000046CD /* SettingViewController.swift */ = {isa = PBXFileReference; lastKnownFileType = sourcecode.swift; path = SettingViewController.swift; sourceTree = "<group>"; };
		3140DEA72A485000000046CD /* SettingViewController.xib */ = {isa = PBXFileReference; lastKnownFileType = file.xib; path = SettingViewController.xib; sourceTree = "<group>"; };
		3140DEAA2A485321000046CD /* GoogleService-Info.plist */ = {isa = PBXFileReference; fileEncoding = 4; lastKnownFileType = text.plist.xml; path = "GoogleService-Info.plist"; sourceTree = "<group>"; };
		31E944382A4445950024AC2C /* ios_chadopedia_app.app */ = {isa = PBXFileReference; explicitFileType = wrapper.application; includeInIndex = 0; path = ios_chadopedia_app.app; sourceTree = BUILT_PRODUCTS_DIR; };
		31E9443B2A4445950024AC2C /* AppDelegate.swift */ = {isa = PBXFileReference; lastKnownFileType = sourcecode.swift; path = AppDelegate.swift; sourceTree = "<group>"; };
		31E9443D2A4445950024AC2C /* SceneDelegate.swift */ = {isa = PBXFileReference; lastKnownFileType = sourcecode.swift; path = SceneDelegate.swift; sourceTree = "<group>"; };
		31E944442A4445960024AC2C /* Assets.xcassets */ = {isa = PBXFileReference; lastKnownFileType = folder.assetcatalog; path = Assets.xcassets; sourceTree = "<group>"; };
		31E944472A4445960024AC2C /* Base */ = {isa = PBXFileReference; lastKnownFileType = file.storyboard; name = Base; path = Base.lproj/LaunchScreen.storyboard; sourceTree = "<group>"; };
		31E944492A4445960024AC2C /* Info.plist */ = {isa = PBXFileReference; lastKnownFileType = text.plist.xml; path = Info.plist; sourceTree = "<group>"; };
		31E9444E2A4445960024AC2C /* ios_chadopedia_appTests.xctest */ = {isa = PBXFileReference; explicitFileType = wrapper.cfbundle; includeInIndex = 0; path = ios_chadopedia_appTests.xctest; sourceTree = BUILT_PRODUCTS_DIR; };
		31E944522A4445960024AC2C /* ios_chadopedia_appTests.swift */ = {isa = PBXFileReference; lastKnownFileType = sourcecode.swift; path = ios_chadopedia_appTests.swift; sourceTree = "<group>"; };
		31E944582A4445960024AC2C /* ios_chadopedia_appUITests.xctest */ = {isa = PBXFileReference; explicitFileType = wrapper.cfbundle; includeInIndex = 0; path = ios_chadopedia_appUITests.xctest; sourceTree = BUILT_PRODUCTS_DIR; };
		31E9445C2A4445960024AC2C /* ios_chadopedia_appUITests.swift */ = {isa = PBXFileReference; lastKnownFileType = sourcecode.swift; path = ios_chadopedia_appUITests.swift; sourceTree = "<group>"; };
		31E9445E2A4445960024AC2C /* ios_chadopedia_appUITestsLaunchTests.swift */ = {isa = PBXFileReference; lastKnownFileType = sourcecode.swift; path = ios_chadopedia_appUITestsLaunchTests.swift; sourceTree = "<group>"; };
		31E944702A46D09C0024AC2C /* HomeViewController.swift */ = {isa = PBXFileReference; lastKnownFileType = sourcecode.swift; path = HomeViewController.swift; sourceTree = "<group>"; };
		31E944712A46D09C0024AC2C /* HomeViewController.xib */ = {isa = PBXFileReference; lastKnownFileType = file.xib; path = HomeViewController.xib; sourceTree = "<group>"; };
		31E944752A4729100024AC2C /* Utils.swift */ = {isa = PBXFileReference; lastKnownFileType = sourcecode.swift; path = Utils.swift; sourceTree = "<group>"; };
		6DBAF89CA577376D3FCBB2B2 /* Pods-ios_chadopedia_app.release.xcconfig */ = {isa = PBXFileReference; includeInIndex = 1; lastKnownFileType = text.xcconfig; name = "Pods-ios_chadopedia_app.release.xcconfig"; path = "Target Support Files/Pods-ios_chadopedia_app/Pods-ios_chadopedia_app.release.xcconfig"; sourceTree = "<group>"; };
		7649969DF15E7EBC4D2D3429 /* Pods_ios_chadopedia_app.framework */ = {isa = PBXFileReference; explicitFileType = wrapper.framework; includeInIndex = 0; path = Pods_ios_chadopedia_app.framework; sourceTree = BUILT_PRODUCTS_DIR; };
		FEF251915E0F5C532D974735 /* Pods-ios_chadopedia_app.debug.xcconfig */ = {isa = PBXFileReference; includeInIndex = 1; lastKnownFileType = text.xcconfig; name = "Pods-ios_chadopedia_app.debug.xcconfig"; path = "Target Support Files/Pods-ios_chadopedia_app/Pods-ios_chadopedia_app.debug.xcconfig"; sourceTree = "<group>"; };
/* End PBXFileReference section */

/* Begin PBXFrameworksBuildPhase section */
		31E944352A4445950024AC2C /* Frameworks */ = {
			isa = PBXFrameworksBuildPhase;
			buildActionMask = 2147483647;
			files = (
				5DF9DB12CAF4A4B410E5A39C /* Pods_ios_chadopedia_app.framework in Frameworks */,
			);
			runOnlyForDeploymentPostprocessing = 0;
		};
		31E9444B2A4445960024AC2C /* Frameworks */ = {
			isa = PBXFrameworksBuildPhase;
			buildActionMask = 2147483647;
			files = (
			);
			runOnlyForDeploymentPostprocessing = 0;
		};
		31E944552A4445960024AC2C /* Frameworks */ = {
			isa = PBXFrameworksBuildPhase;
			buildActionMask = 2147483647;
			files = (
			);
			runOnlyForDeploymentPostprocessing = 0;
		};
/* End PBXFrameworksBuildPhase section */

/* Begin PBXGroup section */
		312C36E92A48406B008AA732 /* application */ = {
			isa = PBXGroup;
			children = (
				312C36EA2A484080008AA732 /* Application.swift */,
			);
			path = application;
			sourceTree = "<group>";
		};
		3140DEA02A484FB8000046CD /* search */ = {
			isa = PBXGroup;
			children = (
				3140DEA12A484FD9000046CD /* SearchViewController.swift */,
				3140DEA22A484FD9000046CD /* SearchViewController.xib */,
			);
			path = search;
			sourceTree = "<group>";
		};
		3140DEA52A484FEE000046CD /* setting */ = {
			isa = PBXGroup;
			children = (
				3140DEA62A485000000046CD /* SettingViewController.swift */,
				3140DEA72A485000000046CD /* SettingViewController.xib */,
			);
			path = setting;
			sourceTree = "<group>";
		};
		31E9442F2A4445950024AC2C = {
			isa = PBXGroup;
			children = (
				31E9443A2A4445950024AC2C /* ios_chadopedia_app */,
				31E944512A4445960024AC2C /* ios_chadopedia_appTests */,
				31E9445B2A4445960024AC2C /* ios_chadopedia_appUITests */,
				31E944392A4445950024AC2C /* Products */,
				CA55CA0ED48AB5B5CABEC490 /* Pods */,
				B693CCF69D7E433EE7B789F9 /* Frameworks */,
			);
			sourceTree = "<group>";
		};
		31E944392A4445950024AC2C /* Products */ = {
			isa = PBXGroup;
			children = (
				31E944382A4445950024AC2C /* ios_chadopedia_app.app */,
				31E9444E2A4445960024AC2C /* ios_chadopedia_appTests.xctest */,
				31E944582A4445960024AC2C /* ios_chadopedia_appUITests.xctest */,
			);
			name = Products;
			sourceTree = "<group>";
		};
		31E9443A2A4445950024AC2C /* ios_chadopedia_app */ = {
			isa = PBXGroup;
			children = (
				31E944742A4729030024AC2C /* util */,
				31E9446B2A46D01A0024AC2C /* UI */,
				31E9443B2A4445950024AC2C /* AppDelegate.swift */,
				31E9443D2A4445950024AC2C /* SceneDelegate.swift */,
				31E944462A4445960024AC2C /* LaunchScreen.storyboard */,
				31E944442A4445960024AC2C /* Assets.xcassets */,
				31E944492A4445960024AC2C /* Info.plist */,
				3140DEAA2A485321000046CD /* GoogleService-Info.plist */,
			);
			path = ios_chadopedia_app;
			sourceTree = "<group>";
		};
		31E944512A4445960024AC2C /* ios_chadopedia_appTests */ = {
			isa = PBXGroup;
			children = (
				31E944522A4445960024AC2C /* ios_chadopedia_appTests.swift */,
			);
			path = ios_chadopedia_appTests;
			sourceTree = "<group>";
		};
		31E9445B2A4445960024AC2C /* ios_chadopedia_appUITests */ = {
			isa = PBXGroup;
			children = (
				31E9445C2A4445960024AC2C /* ios_chadopedia_appUITests.swift */,
				31E9445E2A4445960024AC2C /* ios_chadopedia_appUITestsLaunchTests.swift */,
			);
			path = ios_chadopedia_appUITests;
			sourceTree = "<group>";
		};
		31E9446B2A46D01A0024AC2C /* UI */ = {
			isa = PBXGroup;
			children = (
				312C36E92A48406B008AA732 /* application */,
				31E944772A4736630024AC2C /* root */,
				31E944782A47366F0024AC2C /* home */,
				3140DEA02A484FB8000046CD /* search */,
				3140DEA52A484FEE000046CD /* setting */,
			);
			path = UI;
			sourceTree = "<group>";
		};
		31E944742A4729030024AC2C /* util */ = {
			isa = PBXGroup;
			children = (
				31E944752A4729100024AC2C /* Utils.swift */,
			);
			path = util;
			sourceTree = "<group>";
		};
		31E944772A4736630024AC2C /* root */ = {
			isa = PBXGroup;
			children = (
			);
			path = root;
			sourceTree = "<group>";
		};
		31E944782A47366F0024AC2C /* home */ = {
			isa = PBXGroup;
			children = (
				31E944702A46D09C0024AC2C /* HomeViewController.swift */,
				31E944712A46D09C0024AC2C /* HomeViewController.xib */,
			);
			path = home;
			sourceTree = "<group>";
		};
		B693CCF69D7E433EE7B789F9 /* Frameworks */ = {
			isa = PBXGroup;
			children = (
				7649969DF15E7EBC4D2D3429 /* Pods_ios_chadopedia_app.framework */,
			);
			name = Frameworks;
			sourceTree = "<group>";
		};
		CA55CA0ED48AB5B5CABEC490 /* Pods */ = {
			isa = PBXGroup;
			children = (
				FEF251915E0F5C532D974735 /* Pods-ios_chadopedia_app.debug.xcconfig */,
				6DBAF89CA577376D3FCBB2B2 /* Pods-ios_chadopedia_app.release.xcconfig */,
			);
			path = Pods;
			sourceTree = "<group>";
		};
/* End PBXGroup section */

/* Begin PBXNativeTarget section */
		31E944372A4445950024AC2C /* ios_chadopedia_app */ = {
			isa = PBXNativeTarget;
			buildConfigurationList = 31E944622A4445960024AC2C /* Build configuration list for PBXNativeTarget "ios_chadopedia_app" */;
			buildPhases = (
				63C4E9C4D918CD1CC5493B20 /* [CP] Check Pods Manifest.lock */,
				31E944342A4445950024AC2C /* Sources */,
				31E944352A4445950024AC2C /* Frameworks */,
				31E944362A4445950024AC2C /* Resources */,
				157497A705910FA578CA727C /* [CP] Embed Pods Frameworks */,
			);
			buildRules = (
			);
			dependencies = (
			);
			name = ios_chadopedia_app;
			productName = ios_chadopedia_app;
			productReference = 31E944382A4445950024AC2C /* ios_chadopedia_app.app */;
			productType = "com.apple.product-type.application";
		};
		31E9444D2A4445960024AC2C /* ios_chadopedia_appTests */ = {
			isa = PBXNativeTarget;
			buildConfigurationList = 31E944652A4445960024AC2C /* Build configuration list for PBXNativeTarget "ios_chadopedia_appTests" */;
			buildPhases = (
				31E9444A2A4445960024AC2C /* Sources */,
				31E9444B2A4445960024AC2C /* Frameworks */,
				31E9444C2A4445960024AC2C /* Resources */,
			);
			buildRules = (
			);
			dependencies = (
				31E944502A4445960024AC2C /* PBXTargetDependency */,
			);
			name = ios_chadopedia_appTests;
			productName = ios_chadopedia_appTests;
			productReference = 31E9444E2A4445960024AC2C /* ios_chadopedia_appTests.xctest */;
			productType = "com.apple.product-type.bundle.unit-test";
		};
		31E944572A4445960024AC2C /* ios_chadopedia_appUITests */ = {
			isa = PBXNativeTarget;
			buildConfigurationList = 31E944682A4445960024AC2C /* Build configuration list for PBXNativeTarget "ios_chadopedia_appUITests" */;
			buildPhases = (
				31E944542A4445960024AC2C /* Sources */,
				31E944552A4445960024AC2C /* Frameworks */,
				31E944562A4445960024AC2C /* Resources */,
			);
			buildRules = (
			);
			dependencies = (
				31E9445A2A4445960024AC2C /* PBXTargetDependency */,
			);
			name = ios_chadopedia_appUITests;
			productName = ios_chadopedia_appUITests;
			productReference = 31E944582A4445960024AC2C /* ios_chadopedia_appUITests.xctest */;
			productType = "com.apple.product-type.bundle.ui-testing";
		};
/* End PBXNativeTarget section */

/* Begin PBXProject section */
		31E944302A4445950024AC2C /* Project object */ = {
			isa = PBXProject;
			attributes = {
				BuildIndependentTargetsInParallel = 1;
				LastSwiftUpdateCheck = 1410;
				LastUpgradeCheck = 1410;
				TargetAttributes = {
					31E944372A4445950024AC2C = {
						CreatedOnToolsVersion = 14.1;
					};
					31E9444D2A4445960024AC2C = {
						CreatedOnToolsVersion = 14.1;
						TestTargetID = 31E944372A4445950024AC2C;
					};
					31E944572A4445960024AC2C = {
						CreatedOnToolsVersion = 14.1;
						TestTargetID = 31E944372A4445950024AC2C;
					};
				};
			};
			buildConfigurationList = 31E944332A4445950024AC2C /* Build configuration list for PBXProject "ios_chadopedia_app" */;
			compatibilityVersion = "Xcode 14.0";
			developmentRegion = en;
			hasScannedForEncodings = 0;
			knownRegions = (
				en,
				Base,
			);
			mainGroup = 31E9442F2A4445950024AC2C;
			productRefGroup = 31E944392A4445950024AC2C /* Products */;
			projectDirPath = "";
			projectRoot = "";
			targets = (
				31E944372A4445950024AC2C /* ios_chadopedia_app */,
				31E9444D2A4445960024AC2C /* ios_chadopedia_appTests */,
				31E944572A4445960024AC2C /* ios_chadopedia_appUITests */,
			);
		};
/* End PBXProject section */

/* Begin PBXResourcesBuildPhase section */
		31E944362A4445950024AC2C /* Resources */ = {
			isa = PBXResourcesBuildPhase;
			buildActionMask = 2147483647;
			files = (
				31E944482A4445960024AC2C /* LaunchScreen.storyboard in Resources */,
				3140DEA92A485000000046CD /* SettingViewController.xib in Resources */,
				31E944452A4445960024AC2C /* Assets.xcassets in Resources */,
				3140DEA42A484FD9000046CD /* SearchViewController.xib in Resources */,
				31E944732A46D09C0024AC2C /* HomeViewController.xib in Resources */,
				3140DEAB2A485321000046CD /* GoogleService-Info.plist in Resources */,
			);
			runOnlyForDeploymentPostprocessing = 0;
		};
		31E9444C2A4445960024AC2C /* Resources */ = {
			isa = PBXResourcesBuildPhase;
			buildActionMask = 2147483647;
			files = (
			);
			runOnlyForDeploymentPostprocessing = 0;
		};
		31E944562A4445960024AC2C /* Resources */ = {
			isa = PBXResourcesBuildPhase;
			buildActionMask = 2147483647;
			files = (
			);
			runOnlyForDeploymentPostprocessing = 0;
		};
/* End PBXResourcesBuildPhase section */

/* Begin PBXShellScriptBuildPhase section */
		157497A705910FA578CA727C /* [CP] Embed Pods Frameworks */ = {
			isa = PBXShellScriptBuildPhase;
			buildActionMask = 2147483647;
			files = (
			);
			inputFileListPaths = (
				"${PODS_ROOT}/Target Support Files/Pods-ios_chadopedia_app/Pods-ios_chadopedia_app-frameworks-${CONFIGURATION}-input-files.xcfilelist",
			);
			name = "[CP] Embed Pods Frameworks";
			outputFileListPaths = (
				"${PODS_ROOT}/Target Support Files/Pods-ios_chadopedia_app/Pods-ios_chadopedia_app-frameworks-${CONFIGURATION}-output-files.xcfilelist",
			);
			runOnlyForDeploymentPostprocessing = 0;
			shellPath = /bin/sh;
			shellScript = "\"${PODS_ROOT}/Target Support Files/Pods-ios_chadopedia_app/Pods-ios_chadopedia_app-frameworks.sh\"\n";
			showEnvVarsInLog = 0;
		};
		63C4E9C4D918CD1CC5493B20 /* [CP] Check Pods Manifest.lock */ = {
			isa = PBXShellScriptBuildPhase;
			buildActionMask = 2147483647;
			files = (
			);
			inputFileListPaths = (
			);
			inputPaths = (
				"${PODS_PODFILE_DIR_PATH}/Podfile.lock",
				"${PODS_ROOT}/Manifest.lock",
			);
			name = "[CP] Check Pods Manifest.lock";
			outputFileListPaths = (
			);
			outputPaths = (
				"$(DERIVED_FILE_DIR)/Pods-ios_chadopedia_app-checkManifestLockResult.txt",
			);
			runOnlyForDeploymentPostprocessing = 0;
			shellPath = /bin/sh;
			shellScript = "diff \"${PODS_PODFILE_DIR_PATH}/Podfile.lock\" \"${PODS_ROOT}/Manifest.lock\" > /dev/null\nif [ $? != 0 ] ; then\n    # print error to STDERR\n    echo \"error: The sandbox is not in sync with the Podfile.lock. Run 'pod install' or update your CocoaPods installation.\" >&2\n    exit 1\nfi\n# This output is used by Xcode 'outputs' to avoid re-running this script phase.\necho \"SUCCESS\" > \"${SCRIPT_OUTPUT_FILE_0}\"\n";
			showEnvVarsInLog = 0;
		};
/* End PBXShellScriptBuildPhase section */

/* Begin PBXSourcesBuildPhase section */
		31E944342A4445950024AC2C /* Sources */ = {
			isa = PBXSourcesBuildPhase;
			buildActionMask = 2147483647;
			files = (
				3140DEA32A484FD9000046CD /* SearchViewController.swift in Sources */,
				312C36EB2A484080008AA732 /* Application.swift in Sources */,
				31E9443C2A4445950024AC2C /* AppDelegate.swift in Sources */,
				31E9443E2A4445950024AC2C /* SceneDelegate.swift in Sources */,
				31E944722A46D09C0024AC2C /* HomeViewController.swift in Sources */,
				3140DEA82A485000000046CD /* SettingViewController.swift in Sources */,
				31E944762A4729100024AC2C /* Utils.swift in Sources */,
			);
			runOnlyForDeploymentPostprocessing = 0;
		};
		31E9444A2A4445960024AC2C /* Sources */ = {
			isa = PBXSourcesBuildPhase;
			buildActionMask = 2147483647;
			files = (
				31E944532A4445960024AC2C /* ios_chadopedia_appTests.swift in Sources */,
			);
			runOnlyForDeploymentPostprocessing = 0;
		};
		31E944542A4445960024AC2C /* Sources */ = {
			isa = PBXSourcesBuildPhase;
			buildActionMask = 2147483647;
			files = (
				31E9445F2A4445960024AC2C /* ios_chadopedia_appUITestsLaunchTests.swift in Sources */,
				31E9445D2A4445960024AC2C /* ios_chadopedia_appUITests.swift in Sources */,
			);
			runOnlyForDeploymentPostprocessing = 0;
		};
/* End PBXSourcesBuildPhase section */

/* Begin PBXTargetDependency section */
		31E944502A4445960024AC2C /* PBXTargetDependency */ = {
			isa = PBXTargetDependency;
			target = 31E944372A4445950024AC2C /* ios_chadopedia_app */;
			targetProxy = 31E9444F2A4445960024AC2C /* PBXContainerItemProxy */;
		};
		31E9445A2A4445960024AC2C /* PBXTargetDependency */ = {
			isa = PBXTargetDependency;
			target = 31E944372A4445950024AC2C /* ios_chadopedia_app */;
			targetProxy = 31E944592A4445960024AC2C /* PBXContainerItemProxy */;
		};
/* End PBXTargetDependency section */

/* Begin PBXVariantGroup section */
		31E944462A4445960024AC2C /* LaunchScreen.storyboard */ = {
			isa = PBXVariantGroup;
			children = (
				31E944472A4445960024AC2C /* Base */,
			);
			name = LaunchScreen.storyboard;
			sourceTree = "<group>";
		};
/* End PBXVariantGroup section */

/* Begin XCBuildConfiguration section */
		31E944602A4445960024AC2C /* Debug */ = {
			isa = XCBuildConfiguration;
			buildSettings = {
				ALWAYS_SEARCH_USER_PATHS = NO;
				CLANG_ANALYZER_NONNULL = YES;
				CLANG_ANALYZER_NUMBER_OBJECT_CONVERSION = YES_AGGRESSIVE;
				CLANG_CXX_LANGUAGE_STANDARD = "gnu++20";
				CLANG_ENABLE_MODULES = YES;
				CLANG_ENABLE_OBJC_ARC = YES;
				CLANG_ENABLE_OBJC_WEAK = YES;
				CLANG_WARN_BLOCK_CAPTURE_AUTORELEASING = YES;
				CLANG_WARN_BOOL_CONVERSION = YES;
				CLANG_WARN_COMMA = YES;
				CLANG_WARN_CONSTANT_CONVERSION = YES;
				CLANG_WARN_DEPRECATED_OBJC_IMPLEMENTATIONS = YES;
				CLANG_WARN_DIRECT_OBJC_ISA_USAGE = YES_ERROR;
				CLANG_WARN_DOCUMENTATION_COMMENTS = YES;
				CLANG_WARN_EMPTY_BODY = YES;
				CLANG_WARN_ENUM_CONVERSION = YES;
				CLANG_WARN_INFINITE_RECURSION = YES;
				CLANG_WARN_INT_CONVERSION = YES;
				CLANG_WARN_NON_LITERAL_NULL_CONVERSION = YES;
				CLANG_WARN_OBJC_IMPLICIT_RETAIN_SELF = YES;
				CLANG_WARN_OBJC_LITERAL_CONVERSION = YES;
				CLANG_WARN_OBJC_ROOT_CLASS = YES_ERROR;
				CLANG_WARN_QUOTED_INCLUDE_IN_FRAMEWORK_HEADER = YES;
				CLANG_WARN_RANGE_LOOP_ANALYSIS = YES;
				CLANG_WARN_STRICT_PROTOTYPES = YES;
				CLANG_WARN_SUSPICIOUS_MOVE = YES;
				CLANG_WARN_UNGUARDED_AVAILABILITY = YES_AGGRESSIVE;
				CLANG_WARN_UNREACHABLE_CODE = YES;
				CLANG_WARN__DUPLICATE_METHOD_MATCH = YES;
				COPY_PHASE_STRIP = NO;
				DEBUG_INFORMATION_FORMAT = dwarf;
				ENABLE_STRICT_OBJC_MSGSEND = YES;
				ENABLE_TESTABILITY = YES;
				GCC_C_LANGUAGE_STANDARD = gnu11;
				GCC_DYNAMIC_NO_PIC = NO;
				GCC_NO_COMMON_BLOCKS = YES;
				GCC_OPTIMIZATION_LEVEL = 0;
				GCC_PREPROCESSOR_DEFINITIONS = (
					"DEBUG=1",
					"$(inherited)",
				);
				GCC_WARN_64_TO_32_BIT_CONVERSION = YES;
				GCC_WARN_ABOUT_RETURN_TYPE = YES_ERROR;
				GCC_WARN_UNDECLARED_SELECTOR = YES;
				GCC_WARN_UNINITIALIZED_AUTOS = YES_AGGRESSIVE;
				GCC_WARN_UNUSED_FUNCTION = YES;
				GCC_WARN_UNUSED_VARIABLE = YES;
				IPHONEOS_DEPLOYMENT_TARGET = 16.1;
				MTL_ENABLE_DEBUG_INFO = INCLUDE_SOURCE;
				MTL_FAST_MATH = YES;
				ONLY_ACTIVE_ARCH = YES;
				SDKROOT = iphoneos;
				SWIFT_ACTIVE_COMPILATION_CONDITIONS = DEBUG;
				SWIFT_OPTIMIZATION_LEVEL = "-Onone";
			};
			name = Debug;
		};
		31E944612A4445960024AC2C /* Release */ = {
			isa = XCBuildConfiguration;
			buildSettings = {
				ALWAYS_SEARCH_USER_PATHS = NO;
				CLANG_ANALYZER_NONNULL = YES;
				CLANG_ANALYZER_NUMBER_OBJECT_CONVERSION = YES_AGGRESSIVE;
				CLANG_CXX_LANGUAGE_STANDARD = "gnu++20";
				CLANG_ENABLE_MODULES = YES;
				CLANG_ENABLE_OBJC_ARC = YES;
				CLANG_ENABLE_OBJC_WEAK = YES;
				CLANG_WARN_BLOCK_CAPTURE_AUTORELEASING = YES;
				CLANG_WARN_BOOL_CONVERSION = YES;
				CLANG_WARN_COMMA = YES;
				CLANG_WARN_CONSTANT_CONVERSION = YES;
				CLANG_WARN_DEPRECATED_OBJC_IMPLEMENTATIONS = YES;
				CLANG_WARN_DIRECT_OBJC_ISA_USAGE = YES_ERROR;
				CLANG_WARN_DOCUMENTATION_COMMENTS = YES;
				CLANG_WARN_EMPTY_BODY = YES;
				CLANG_WARN_ENUM_CONVERSION = YES;
				CLANG_WARN_INFINITE_RECURSION = YES;
				CLANG_WARN_INT_CONVERSION = YES;
				CLANG_WARN_NON_LITERAL_NULL_CONVERSION = YES;
				CLANG_WARN_OBJC_IMPLICIT_RETAIN_SELF = YES;
				CLANG_WARN_OBJC_LITERAL_CONVERSION = YES;
				CLANG_WARN_OBJC_ROOT_CLASS = YES_ERROR;
				CLANG_WARN_QUOTED_INCLUDE_IN_FRAMEWORK_HEADER = YES;
				CLANG_WARN_RANGE_LOOP_ANALYSIS = YES;
				CLANG_WARN_STRICT_PROTOTYPES = YES;
				CLANG_WARN_SUSPICIOUS_MOVE = YES;
				CLANG_WARN_UNGUARDED_AVAILABILITY = YES_AGGRESSIVE;
				CLANG_WARN_UNREACHABLE_CODE = YES;
				CLANG_WARN__DUPLICATE_METHOD_MATCH = YES;
				COPY_PHASE_STRIP = NO;
				DEBUG_INFORMATION_FORMAT = "dwarf-with-dsym";
				ENABLE_NS_ASSERTIONS = NO;
				ENABLE_STRICT_OBJC_MSGSEND = YES;
				GCC_C_LANGUAGE_STANDARD = gnu11;
				GCC_NO_COMMON_BLOCKS = YES;
				GCC_WARN_64_TO_32_BIT_CONVERSION = YES;
				GCC_WARN_ABOUT_RETURN_TYPE = YES_ERROR;
				GCC_WARN_UNDECLARED_SELECTOR = YES;
				GCC_WARN_UNINITIALIZED_AUTOS = YES_AGGRESSIVE;
				GCC_WARN_UNUSED_FUNCTION = YES;
				GCC_WARN_UNUSED_VARIABLE = YES;
				IPHONEOS_DEPLOYMENT_TARGET = 16.1;
				MTL_ENABLE_DEBUG_INFO = NO;
				MTL_FAST_MATH = YES;
				SDKROOT = iphoneos;
				SWIFT_COMPILATION_MODE = wholemodule;
				SWIFT_OPTIMIZATION_LEVEL = "-O";
				VALIDATE_PRODUCT = YES;
			};
			name = Release;
		};
		31E944632A4445960024AC2C /* Debug */ = {
			isa = XCBuildConfiguration;
			baseConfigurationReference = FEF251915E0F5C532D974735 /* Pods-ios_chadopedia_app.debug.xcconfig */;
			buildSettings = {
				ASSETCATALOG_COMPILER_APPICON_NAME = AppIcon;
				ASSETCATALOG_COMPILER_GLOBAL_ACCENT_COLOR_NAME = AccentColor;
				CODE_SIGN_STYLE = Automatic;
				CURRENT_PROJECT_VERSION = 1;
				DEVELOPMENT_TEAM = 83G69X7NQR;
				GENERATE_INFOPLIST_FILE = YES;
				INFOPLIST_FILE = ios_chadopedia_app/Info.plist;
				INFOPLIST_KEY_CFBundleDisplayName = chadopedia;
				INFOPLIST_KEY_LSApplicationCategoryType = "public.app-category.education";
				INFOPLIST_KEY_UIApplicationSupportsIndirectInputEvents = YES;
				INFOPLIST_KEY_UILaunchStoryboardName = LaunchScreen;
				INFOPLIST_KEY_UISupportedInterfaceOrientations_iPad = "UIInterfaceOrientationPortrait UIInterfaceOrientationPortraitUpsideDown UIInterfaceOrientationLandscapeLeft UIInterfaceOrientationLandscapeRight";
				INFOPLIST_KEY_UISupportedInterfaceOrientations_iPhone = "UIInterfaceOrientationPortrait UIInterfaceOrientationLandscapeLeft UIInterfaceOrientationLandscapeRight";
				IPHONEOS_DEPLOYMENT_TARGET = 13.0;
				LD_RUNPATH_SEARCH_PATHS = (
					"$(inherited)",
					"@executable_path/Frameworks",
				);
				MARKETING_VERSION = 1.0;
				PRODUCT_BUNDLE_IDENTIFIER = idv.tungfanhall.chadopedia;
				PRODUCT_NAME = "$(TARGET_NAME)";
				SWIFT_EMIT_LOC_STRINGS = YES;
				SWIFT_VERSION = 5.0;
				TARGETED_DEVICE_FAMILY = "1,2";
			};
			name = Debug;
		};
		31E944642A4445960024AC2C /* Release */ = {
			isa = XCBuildConfiguration;
			baseConfigurationReference = 6DBAF89CA577376D3FCBB2B2 /* Pods-ios_chadopedia_app.release.xcconfig */;
			buildSettings = {
				ASSETCATALOG_COMPILER_APPICON_NAME = AppIcon;
				ASSETCATALOG_COMPILER_GLOBAL_ACCENT_COLOR_NAME = AccentColor;
				CODE_SIGN_STYLE = Automatic;
				CURRENT_PROJECT_VERSION = 1;
				DEVELOPMENT_TEAM = 83G69X7NQR;
				GENERATE_INFOPLIST_FILE = YES;
				INFOPLIST_FILE = ios_chadopedia_app/Info.plist;
				INFOPLIST_KEY_CFBundleDisplayName = chadopedia;
				INFOPLIST_KEY_LSApplicationCategoryType = "public.app-category.education";
				INFOPLIST_KEY_UIApplicationSupportsIndirectInputEvents = YES;
				INFOPLIST_KEY_UILaunchStoryboardName = LaunchScreen;
				INFOPLIST_KEY_UISupportedInterfaceOrientations_iPad = "UIInterfaceOrientationPortrait UIInterfaceOrientationPortraitUpsideDown UIInterfaceOrientationLandscapeLeft UIInterfaceOrientationLandscapeRight";
				INFOPLIST_KEY_UISupportedInterfaceOrientations_iPhone = "UIInterfaceOrientationPortrait UIInterfaceOrientationLandscapeLeft UIInterfaceOrientationLandscapeRight";
				IPHONEOS_DEPLOYMENT_TARGET = 13.0;
				LD_RUNPATH_SEARCH_PATHS = (
					"$(inherited)",
					"@executable_path/Frameworks",
				);
				MARKETING_VERSION = 1.0;
				PRODUCT_BUNDLE_IDENTIFIER = idv.tungfanhall.chadopedia;
				PRODUCT_NAME = "$(TARGET_NAME)";
				SWIFT_EMIT_LOC_STRINGS = YES;
				SWIFT_VERSION = 5.0;
				TARGETED_DEVICE_FAMILY = "1,2";
			};
			name = Release;
		};
		31E944662A4445960024AC2C /* Debug */ = {
			isa = XCBuildConfiguration;
			buildSettings = {
				ALWAYS_EMBED_SWIFT_STANDARD_LIBRARIES = YES;
				BUNDLE_LOADER = "$(TEST_HOST)";
				CODE_SIGN_STYLE = Automatic;
				CURRENT_PROJECT_VERSION = 1;
				DEVELOPMENT_TEAM = 83G69X7NQR;
				GENERATE_INFOPLIST_FILE = YES;
				IPHONEOS_DEPLOYMENT_TARGET = 16.1;
				MARKETING_VERSION = 1.0;
				PRODUCT_BUNDLE_IDENTIFIER = "idv.tungfanhall.ios-chadopedia-appTests";
				PRODUCT_NAME = "$(TARGET_NAME)";
				SWIFT_EMIT_LOC_STRINGS = NO;
				SWIFT_VERSION = 5.0;
				TARGETED_DEVICE_FAMILY = "1,2";
				TEST_HOST = "$(BUILT_PRODUCTS_DIR)/ios_chadopedia_app.app/$(BUNDLE_EXECUTABLE_FOLDER_PATH)/ios_chadopedia_app";
			};
			name = Debug;
		};
		31E944672A4445960024AC2C /* Release */ = {
			isa = XCBuildConfiguration;
			buildSettings = {
				ALWAYS_EMBED_SWIFT_STANDARD_LIBRARIES = YES;
				BUNDLE_LOADER = "$(TEST_HOST)";
				CODE_SIGN_STYLE = Automatic;
				CURRENT_PROJECT_VERSION = 1;
				DEVELOPMENT_TEAM = 83G69X7NQR;
				GENERATE_INFOPLIST_FILE = YES;
				IPHONEOS_DEPLOYMENT_TARGET = 16.1;
				MARKETING_VERSION = 1.0;
				PRODUCT_BUNDLE_IDENTIFIER = "idv.tungfanhall.ios-chadopedia-appTests";
				PRODUCT_NAME = "$(TARGET_NAME)";
				SWIFT_EMIT_LOC_STRINGS = NO;
				SWIFT_VERSION = 5.0;
				TARGETED_DEVICE_FAMILY = "1,2";
				TEST_HOST = "$(BUILT_PRODUCTS_DIR)/ios_chadopedia_app.app/$(BUNDLE_EXECUTABLE_FOLDER_PATH)/ios_chadopedia_app";
			};
			name = Release;
		};
		31E944692A4445960024AC2C /* Debug */ = {
			isa = XCBuildConfiguration;
			buildSettings = {
				ALWAYS_EMBED_SWIFT_STANDARD_LIBRARIES = YES;
				CODE_SIGN_STYLE = Automatic;
				CURRENT_PROJECT_VERSION = 1;
				DEVELOPMENT_TEAM = 83G69X7NQR;
				GENERATE_INFOPLIST_FILE = YES;
				MARKETING_VERSION = 1.0;
				PRODUCT_BUNDLE_IDENTIFIER = "idv.tungfanhall.ios-chadopedia-appUITests";
				PRODUCT_NAME = "$(TARGET_NAME)";
				SWIFT_EMIT_LOC_STRINGS = NO;
				SWIFT_VERSION = 5.0;
				TARGETED_DEVICE_FAMILY = "1,2";
				TEST_TARGET_NAME = ios_chadopedia_app;
			};
			name = Debug;
		};
		31E9446A2A4445960024AC2C /* Release */ = {
			isa = XCBuildConfiguration;
			buildSettings = {
				ALWAYS_EMBED_SWIFT_STANDARD_LIBRARIES = YES;
				CODE_SIGN_STYLE = Automatic;
				CURRENT_PROJECT_VERSION = 1;
				DEVELOPMENT_TEAM = 83G69X7NQR;
				GENERATE_INFOPLIST_FILE = YES;
				MARKETING_VERSION = 1.0;
				PRODUCT_BUNDLE_IDENTIFIER = "idv.tungfanhall.ios-chadopedia-appUITests";
				PRODUCT_NAME = "$(TARGET_NAME)";
				SWIFT_EMIT_LOC_STRINGS = NO;
				SWIFT_VERSION = 5.0;
				TARGETED_DEVICE_FAMILY = "1,2";
				TEST_TARGET_NAME = ios_chadopedia_app;
			};
			name = Release;
		};
/* End XCBuildConfiguration section */

/* Begin XCConfigurationList section */
		31E944332A4445950024AC2C /* Build configuration list for PBXProject "ios_chadopedia_app" */ = {
			isa = XCConfigurationList;
			buildConfigurations = (
				31E944602A4445960024AC2C /* Debug */,
				31E944612A4445960024AC2C /* Release */,
			);
			defaultConfigurationIsVisible = 0;
			defaultConfigurationName = Release;
		};
		31E944622A4445960024AC2C /* Build configuration list for PBXNativeTarget "ios_chadopedia_app" */ = {
			isa = XCConfigurationList;
			buildConfigurations = (
				31E944632A4445960024AC2C /* Debug */,
				31E944642A4445960024AC2C /* Release */,
			);
			defaultConfigurationIsVisible = 0;
			defaultConfigurationName = Release;
		};
		31E944652A4445960024AC2C /* Build configuration list for PBXNativeTarget "ios_chadopedia_appTests" */ = {
			isa = XCConfigurationList;
			buildConfigurations = (
				31E944662A4445960024AC2C /* Debug */,
				31E944672A4445960024AC2C /* Release */,
			);
			defaultConfigurationIsVisible = 0;
			defaultConfigurationName = Release;
		};
		31E944682A4445960024AC2C /* Build configuration list for PBXNativeTarget "ios_chadopedia_appUITests" */ = {
			isa = XCConfigurationList;
			buildConfigurations = (
				31E944692A4445960024AC2C /* Debug */,
				31E9446A2A4445960024AC2C /* Release */,
			);
			defaultConfigurationIsVisible = 0;
			defaultConfigurationName = Release;
		};
/* End XCConfigurationList section */
	};
	rootObject = 31E944302A4445950024AC2C /* Project object */;
}
